Microsoft Visual Studio Solution File, Format Version 12.00
# Visual Studio Version 17
VisualStudioVersion = 17.5.2.0
MinimumVisualStudioVersion = 10.0.40219.1
Project("{FAE04EC0-301F-11D3-BF4B-00C04F79EFBC}") = "IntellingCore.App", "IntellingCore.App\IntellingCore.App.csproj", "{16129BE6-F247-8838-3E6E-5B2A8C2CF969}"
EndProject
Project("{FAE04EC0-301F-11D3-BF4B-00C04F79EFBC}") = "IntellingCore.API", "IntellingCore.API\IntellingCore.API.csproj", "{3A674F4C-750F-4B03-8B1D-B58A4145671D}"
EndProject
Global
	GlobalSection(SolutionConfigurationPlatforms) = preSolution
		Debug|Any CPU = Debug|Any CPU
		Release|Any CPU = Release|Any CPU
	EndGlobalSection
	GlobalSection(ProjectConfigurationPlatforms) = postSolution
		{16129BE6-F247-8838-3E6E-5B2A8C2CF969}.Debug|Any CPU.ActiveCfg = Debug|Any CPU
		{16129BE6-F247-8838-3E6E-5B2A8C2CF969}.Debug|Any CPU.Build.0 = Debug|Any CPU
		{16129BE6-F247-8838-3E6E-5B2A8C2CF969}.Release|Any CPU.ActiveCfg = Release|Any CPU
		{16129BE6-F247-8838-3E6E-5B2A8C2CF969}.Release|Any CPU.Build.0 = Release|Any CPU
		{3A674F4C-750F-4B03-8B1D-B58A4145671D}.Debug|Any CPU.ActiveCfg = Debug|Any CPU
		{3A674F4C-750F-4B03-8B1D-B58A4145671D}.Debug|Any CPU.Build.0 = Debug|Any CPU
		{3A674F4C-750F-4B03-8B1D-B58A4145671D}.Release|Any CPU.ActiveCfg = Release|Any CPU
		{3A674F4C-750F-4B03-8B1D-B58A4145671D}.Release|Any CPU.Build.0 = Release|Any CPU
	EndGlobalSection
	GlobalSection(SolutionProperties) = preSolution
		HideSolutionNode = FALSE
	EndGlobalSection
	GlobalSection(ExtensibilityGlobals) = postSolution
		SolutionGuid = {EF5B8A28-1297-4E0B-A59D-11DC506B98EE}
	EndGlobalSection
EndGlobal
